{
  "name": "electrumsv-vault-whitelist-contract",
  "version": "0.2.0",
  "lockfileVersion": 3,
  "requires": true,
  "packages": {
    "": {
      "name": "electrumsv-vault-whitelist-contract",
      "version": "0.2.0",
      "devDependencies": {
        "runar-cli": "^0.3.2"
      }
    },
    "node_modules/@bsv/sdk": {
      "version": "2.0.13",
      "resolved": "https://registry.npmjs.org/@bsv/sdk/-/sdk-2.0.13.tgz",
      "integrity": "sha512-VV25sV6oB1Piu7tTEMta+B29IRcq7Xpj1ohuk8RZRT656onop1YbA3oTnYf6stleWnbvsZeOciwH7Xppvs1QWw==",
      "dev": true,
      "license": "SEE LICENSE IN LICENSE.txt"
    },
    "node_modules/@ts-morph/common": {
      "version": "0.25.0",
      "resolved": "https://registry.npmjs.org/@ts-morph/common/-/common-0.25.0.tgz",
      "integrity": "sha512-kMnZz+vGGHi4GoHnLmMhGNjm44kGtKUXGnOvrKmMwAuvNjM/PgKVGfUnL7IDvK7Jb2QQ82jq3Zmp04Gy+r3Dkg==",
      "dev": true,
      "license": "MIT",
      "dependencies": {
        "minimatch": "^9.0.4",
        "path-browserify": "^1.0.1",
        "tinyglobby": "^0.2.9"
      }
    },
    "node_modules/ajv": {
      "version": "8.18.0",
      "resolved": "https://registry.npmjs.org/ajv/-/ajv-8.18.0.tgz",
      "integrity": "sha512-PlXPeEWMXMZ7sPYOHqmDyCJzcfNrUr3fGNKtezX14ykXOEIvyK81d+qydx89KY5O71FKMPaQ2vBfBFI5NHR63A==",
      "dev": true,
      "license": "MIT",
      "dependencies": {
        "fast-deep-equal": "^3.1.3",
        "fast-uri": "^3.0.1",
        "json-schema-traverse": "^1.0.0",
        "require-from-string": "^2.0.2"
      },
      "funding": {
        "type": "github",
        "url": "https://github.com/sponsors/epoberezkin"
      }
    },
    "node_modules/balanced-match": {
      "version": "1.0.2",
      "resolved": "https://registry.npmjs.org/balanced-match/-/balanced-match-1.0.2.tgz",
      "integrity": "sha512-3oSeUO0TMV67hN1AmbXsK4yaqU7tjiHlbxRDZOpH0KW9+CeX4bRAaX0Anxt0tx2MrpRpWwQaPwIlISEJhYU5Pw==",
      "dev": true,
      "license": "MIT"
    },
    "node_modules/brace-expansion": {
      "version": "2.0.2",
      "resolved": "https://registry.npmjs.org/brace-expansion/-/brace-expansion-2.0.2.tgz",
      "integrity": "sha512-Jt0vHyM+jmUBqojB7E1NIYadt0vI0Qxjxd2TErW94wDz+E2LAm5vKMXXwg6ZZBTHPuUlDgQHKXvjGBdfcF1ZDQ==",
      "dev": true,
      "license": "MIT",
      "dependencies": {
        "balanced-match": "^1.0.0"
      }
    },
    "node_modules/code-block-writer": {
      "version": "13.0.3",
      "resolved": "https://registry.npmjs.org/code-block-writer/-/code-block-writer-13.0.3.tgz",
      "integrity": "sha512-Oofo0pq3IKnsFtuHqSF7TqBfr71aeyZDVJ0HpmqB7FBM2qEigL0iPONSCZSO9pE9dZTAxANe5XHG9Uy0YMv8cg==",
      "dev": true,
      "license": "MIT"
    },
    "node_modules/commander": {
      "version": "12.1.0",
      "resolved": "https://registry.npmjs.org/commander/-/commander-12.1.0.tgz",
      "integrity": "sha512-Vw8qHK3bZM9y/P10u3Vib8o/DdkvA2OtPtZvD871QKjy74Wj1WSKFILMPRPSdUSx5RFK1arlJzEtA4PkFgnbuA==",
      "dev": true,
      "license": "MIT",
      "engines": {
        "node": ">=18"
      }
    },
    "node_modules/fast-deep-equal": {
      "version": "3.1.3",
      "resolved": "https://registry.npmjs.org/fast-deep-equal/-/fast-deep-equal-3.1.3.tgz",
      "integrity": "sha512-f3qQ9oQy9j2AhBe/H9VC91wLmKBCCU/gDOnKNAYG5hswO7BLKj09Hc5HYNz9cGI++xlpDCIgDaitVs03ATR84Q==",
      "dev": true,
      "license": "MIT"
    },
    "node_modules/fast-uri": {
      "version": "3.1.0",
      "resolved": "https://registry.npmjs.org/fast-uri/-/fast-uri-3.1.0.tgz",
      "integrity": "sha512-iPeeDKJSWf4IEOasVVrknXpaBV0IApz/gp7S2bb7Z4Lljbl2MGJRqInZiUrQwV16cpzw/D3S5j5Julj/gT52AA==",
      "dev": true,
      "funding": [
        {
          "type": "github",
          "url": "https://github.com/sponsors/fastify"
        },
        {
          "type": "opencollective",
          "url": "https://opencollective.com/fastify"
        }
      ],
      "license": "BSD-3-Clause"
    },
    "node_modules/json-schema-traverse": {
      "version": "1.0.0",
      "resolved": "https://registry.npmjs.org/json-schema-traverse/-/json-schema-traverse-1.0.0.tgz",
      "integrity": "sha512-NM8/P9n3XjXhIZn1lLhkFaACTOURQXjWhV4BA/RnOv8xvgqtqpAX9IO4mRQxSx1Rlo4tqzeqb0sOlruaOy3dug==",
      "dev": true,
      "license": "MIT"
    },
    "node_modules/minimatch": {
      "version": "9.0.9",
      "resolved": "https://registry.npmjs.org/minimatch/-/minimatch-9.0.9.tgz",
      "integrity": "sha512-OBwBN9AL4dqmETlpS2zasx+vTeWclWzkblfZk7KTA5j3jeOONz/tRCnZomUyvNg83wL5Zv9Ss6HMJXAgL8R2Yg==",
      "dev": true,
      "license": "ISC",
      "dependencies": {
        "brace-expansion": "^2.0.2"
      },
      "engines": {
        "node": ">=16 || 14 >=14.17"
      },
      "funding": {
        "url": "https://github.com/sponsors/isaacs"
      }
    },
    "node_modules/path-browserify": {
      "version": "1.0.1",
      "resolved": "https://registry.npmjs.org/path-browserify/-/path-browserify-1.0.1.tgz",
      "integrity": "sha512-b7uo2UCUOYZcnF/3ID0lulOJi/bafxa1xPe7ZPsammBSpjSWQkjNxlt635YGS2MiR9GjvuXCtz2emr3jbsz98g==",
      "dev": true,
      "license": "MIT"
    },
    "node_modules/require-from-string": {
      "version": "2.0.2",
      "resolved": "https://registry.npmjs.org/require-from-string/-/require-from-string-2.0.2.tgz",
      "integrity": "sha512-Xf0nWe6RseziFMu+Ap9biiUbmplq6S9/p+7w7YXP/JBHhrUDDUhwa+vANyubuqfZWTveU//DYVGsDG7RKL/vEw==",
      "dev": true,
      "license": "MIT",
      "engines": {
        "node": ">=0.10.0"
      }
    },
    "node_modules/runar-cli": {
      "version": "0.3.2",
      "resolved": "https://registry.npmjs.org/runar-cli/-/runar-cli-0.3.2.tgz",
      "integrity": "sha512-YNqfX/adaAasy2SfN+mBYdSSXW6DfZOo3vlOfXBpfxGTx93nyq5hMszJDJbwvf+uEugRPkKg5np/MySBR5mOxQ==",
      "dev": true,
      "license": "MIT",
      "dependencies": {
        "commander": "^12.1.0",
        "runar-compiler": "0.3.2",
        "runar-sdk": "0.3.2",
        "runar-testing": "0.3.2"
      },
      "bin": {
        "runar": "dist/bin.js"
      }
    },
    "node_modules/runar-compiler": {
      "version": "0.3.2",
      "resolved": "https://registry.npmjs.org/runar-compiler/-/runar-compiler-0.3.2.tgz",
      "integrity": "sha512-uSDA+LyGtTBpIj+4l3BH6glJUUag6H6yjpZjNbsL8I+7vizC2WJLRIxAQauWrtC9InQ91Qpe6drByLYX1kGODw==",
      "dev": true,
      "license": "MIT",
      "dependencies": {
        "runar-ir-schema": "0.3.2",
        "runar-lang": "0.3.2",
        "ts-morph": "^24.0.0"
      }
    },
    "node_modules/runar-ir-schema": {
      "version": "0.3.2",
      "resolved": "https://registry.npmjs.org/runar-ir-schema/-/runar-ir-schema-0.3.2.tgz",
      "integrity": "sha512-BB27S/jzCe2Ba96fRJeDE42erRsg2p+FZjEsfEl6V4LqAJNsBuqRu1G77w1XkZol+jLJw9BgopTdk+hY1LB75g==",
      "dev": true,
      "license": "MIT",
      "dependencies": {
        "ajv": "^8.17.0"
      }
    },
    "node_modules/runar-lang": {
      "version": "0.3.2",
      "resolved": "https://registry.npmjs.org/runar-lang/-/runar-lang-0.3.2.tgz",
      "integrity": "sha512-hTKw/IavZnt1f/6dYvy2K56710GY4c+Q1DS13V1w7x6zjZAaW1YWG6FfVJXQvFG6DBiHj30BZMBnIMu0fOhR3Q==",
      "dev": true,
      "license": "MIT",
      "dependencies": {
        "@bsv/sdk": "^2.0.7"
      }
    },
    "node_modules/runar-sdk": {
      "version": "0.3.2",
      "resolved": "https://registry.npmjs.org/runar-sdk/-/runar-sdk-0.3.2.tgz",
      "integrity": "sha512-77tX0gnOrY0o+mrwxyXGootKJWACKopuckUf1bWHjZsKQ4NoXRyBsJG5tIJggtJuNunGWBIOizY30jmKJvvGFA==",
      "dev": true,
      "license": "MIT",
      "dependencies": {
        "@bsv/sdk": "^2.0.7",
        "runar-ir-schema": "0.3.2",
        "runar-lang": "0.3.2"
      }
    },
    "node_modules/runar-testing": {
      "version": "0.3.2",
      "resolved": "https://registry.npmjs.org/runar-testing/-/runar-testing-0.3.2.tgz",
      "integrity": "sha512-jn6LtdtZairPfBssXfy9IqmzYyvaVTa3+Ue0U95udsV8LsMeD9I1ZMbee2ZQsK919AwdRN4CFoMiJl5jXZv8zg==",
      "dev": true,
      "license": "MIT",
      "dependencies": {
        "@bsv/sdk": "^2.0.7",
        "runar-compiler": "0.3.2",
        "runar-ir-schema": "0.3.2",
        "runar-lang": "0.3.2"
      }
    },
    "node_modules/tinyglobby": {
      "version": "0.2.15",
      "resolved": "https://registry.npmjs.org/tinyglobby/-/tinyglobby-0.2.15.tgz",
      "integrity": "sha512-j2Zq4NyQYG5XMST4cbs02Ak8iJUdxRM0XI5QyxXuZOzKOINmWurp3smXu3y5wDcJrptwpSjgXHzIQxR0omXljQ==",
      "dev": true,
      "license": "MIT",
      "dependencies": {
        "fdir": "^6.5.0",
        "picomatch": "^4.0.3"
      },
      "engines": {
        "node": ">=12.0.0"
      },
      "funding": {
        "url": "https://github.com/sponsors/SuperchupuDev"
      }
    },
    "node_modules/tinyglobby/node_modules/fdir": {
      "version": "6.5.0",
      "resolved": "https://registry.npmjs.org/fdir/-/fdir-6.5.0.tgz",
      "integrity": "sha512-tIbYtZbucOs0BRGqPJkshJUYdL+SDH7dVM8gjy+ERp3WAUjLEFJE+02kanyHtwjWOnwrKYBiwAmM0p4kLJAnXg==",
      "dev": true,
      "license": "MIT",
      "engines": {
        "node": ">=12.0.0"
      },
      "peerDependencies": {
        "picomatch": "^3 || ^4"
      },
      "peerDependenciesMeta": {
        "picomatch": {
          "optional": true
        }
      }
    },
    "node_modules/tinyglobby/node_modules/picomatch": {
      "version": "4.0.3",
      "resolved": "https://registry.npmjs.org/picomatch/-/picomatch-4.0.3.tgz",
      "integrity": "sha512-5gTmgEY/sqK6gFXLIsQNH19lWb4ebPDLA4SdLP7dsWkIXHWlG66oPuVvXSGFPppYZz8ZDZq0dYYrbHfBCVUb1Q==",
      "dev": true,
      "license": "MIT",
      "engines": {
        "node": ">=12"
      },
      "funding": {
        "url": "https://github.com/sponsors/jonschlinkert"
      }
    },
    "node_modules/ts-morph": {
      "version": "24.0.0",
      "resolved": "https://registry.npmjs.org/ts-morph/-/ts-morph-24.0.0.tgz",
      "integrity": "sha512-2OAOg/Ob5yx9Et7ZX4CvTCc0UFoZHwLEJ+dpDPSUi5TgwwlTlX47w+iFRrEwzUZwYACjq83cgjS/Da50Ga37uw==",
      "dev": true,
      "license": "MIT",
      "dependencies": {
        "@ts-morph/common": "~0.25.0",
        "code-block-writer": "^13.0.3"
      }
    }
  }
}
